
Microsoft Visual Studio Solution File, Format Version 12.00
# Visual Studio Version 17
VisualStudioVersion = 17.8.34330.188
MinimumVisualStudioVersion = 10.0.40219.1
Project("{FAE04EC0-301F-11D3-BF4B-00C04F79EFBC}") = "WebApp", "WebApp\WebApp.csproj", "{7C536EA5-8DE0-4F96-AB4F-16DA79F50917}"
EndProject
Global
	GlobalSection(SolutionConfigurationPlatforms) = preSolution
		Debug|Any CPU = Debug|Any CPU
		Release|Any CPU = Release|Any CPU
	EndGlobalSection
	GlobalSection(ProjectConfigurationPlatforms) = postSolution
		{7C536EA5-8DE0-4F96-AB4F-16DA79F50917}.Debug|Any CPU.ActiveCfg = Debug|Any CPU
		{7C536EA5-8DE0-4F96-AB4F-16DA79F50917}.Debug|Any CPU.Build.0 = Debug|Any CPU
		{7C536EA5-8DE0-4F96-AB4F-16DA79F50917}.Release|Any CPU.ActiveCfg = Release|Any CPU
		{7C536EA5-8DE0-4F96-AB4F-16DA79F50917}.Release|Any CPU.Build.0 = Release|Any CPU
	EndGlobalSection
	GlobalSection(SolutionProperties) = preSolution
		HideSolutionNode = FALSE
	EndGlobalSection
	GlobalSection(ExtensibilityGlobals) = postSolution
		SolutionGuid = {8A2204C5-FD56-47B7-83F3-6B1940F313D5}
	EndGlobalSection
EndGlobal
